
Microsoft Visual Studio Solution File, Format Version 12.00
# Visual Studio Version 17
VisualStudioVersion = 17.13.35919.96
MinimumVisualStudioVersion = 10.0.40219.1
Project("{FAE04EC0-301F-11D3-BF4B-00C04F79EFBC}") = "Human Benchmark 2.0", "Human Benchmark 2.0\Human Benchmark 2.0.csproj", "{845512B8-0BE1-4645-84B7-EA31E7B78AD8}"
EndProject
Global
	GlobalSection(SolutionConfigurationPlatforms) = preSolution
		Debug|Any CPU = Debug|Any CPU
		Release|Any CPU = Release|Any CPU
	EndGlobalSection
	GlobalSection(ProjectConfigurationPlatforms) = postSolution
		{845512B8-0BE1-4645-84B7-EA31E7B78AD8}.Debug|Any CPU.ActiveCfg = Debug|Any CPU
		{845512B8-0BE1-4645-84B7-EA31E7B78AD8}.Debug|Any CPU.Build.0 = Debug|Any CPU
		{845512B8-0BE1-4645-84B7-EA31E7B78AD8}.Release|Any CPU.ActiveCfg = Release|Any CPU
		{845512B8-0BE1-4645-84B7-EA31E7B78AD8}.Release|Any CPU.Build.0 = Release|Any CPU
	EndGlobalSection
	GlobalSection(SolutionProperties) = preSolution
		HideSolutionNode = FALSE
	EndGlobalSection
	GlobalSection(ExtensibilityGlobals) = postSolution
		SolutionGuid = {8758A6D3-4800-4AFD-820A-F66F9F24B43B}
	EndGlobalSection
EndGlobal
